
Microsoft Visual Studio Solution File, Format Version 12.00
# Visual Studio Version 16
VisualStudioVersion = 16.0.31205.134
MinimumVisualStudioVersion = 10.0.40219.1
Project("{FAE04EC0-301F-11D3-BF4B-00C04F79EFBC}") = "SummativeSums", "SummativeSums\SummativeSums.csproj", "{3400692B-95DF-4D2E-9365-CCA512DD9DBF}"
EndProject
Global
	GlobalSection(SolutionConfigurationPlatforms) = preSolution
		Debug|Any CPU = Debug|Any CPU
		Release|Any CPU = Release|Any CPU
	EndGlobalSection
	GlobalSection(ProjectConfigurationPlatforms) = postSolution
		{3400692B-95DF-4D2E-9365-CCA512DD9DBF}.Debug|Any CPU.ActiveCfg = Debug|Any CPU
		{3400692B-95DF-4D2E-9365-CCA512DD9DBF}.Debug|Any CPU.Build.0 = Debug|Any CPU
		{3400692B-95DF-4D2E-9365-CCA512DD9DBF}.Release|Any CPU.ActiveCfg = Release|Any CPU
		{3400692B-95DF-4D2E-9365-CCA512DD9DBF}.Release|Any CPU.Build.0 = Release|Any CPU
	EndGlobalSection
	GlobalSection(SolutionProperties) = preSolution
		HideSolutionNode = FALSE
	EndGlobalSection
	GlobalSection(ExtensibilityGlobals) = postSolution
		SolutionGuid = {1DA2063A-BDFE-4D52-B3DA-6D50F93FD6B0}
	EndGlobalSection
EndGlobal
