
Microsoft Visual Studio Solution File, Format Version 12.00
# Visual Studio Version 16
VisualStudioVersion = 16.0.31205.134
MinimumVisualStudioVersion = 10.0.40219.1
Project("{FAE04EC0-301F-11D3-BF4B-00C04F79EFBC}") = "InABucket", "InABucket\InABucket.csproj", "{36C1C0EC-955F-479F-92D2-38E91224B8BE}"
EndProject
Global
	GlobalSection(SolutionConfigurationPlatforms) = preSolution
		Debug|Any CPU = Debug|Any CPU
		Release|Any CPU = Release|Any CPU
	EndGlobalSection
	GlobalSection(ProjectConfigurationPlatforms) = postSolution
		{36C1C0EC-955F-479F-92D2-38E91224B8BE}.Debug|Any CPU.ActiveCfg = Debug|Any CPU
		{36C1C0EC-955F-479F-92D2-38E91224B8BE}.Debug|Any CPU.Build.0 = Debug|Any CPU
		{36C1C0EC-955F-479F-92D2-38E91224B8BE}.Release|Any CPU.ActiveCfg = Release|Any CPU
		{36C1C0EC-955F-479F-92D2-38E91224B8BE}.Release|Any CPU.Build.0 = Release|Any CPU
	EndGlobalSection
	GlobalSection(SolutionProperties) = preSolution
		HideSolutionNode = FALSE
	EndGlobalSection
	GlobalSection(ExtensibilityGlobals) = postSolution
		SolutionGuid = {7D3B05FA-8200-42C7-B8E0-3407F1F295CE}
	EndGlobalSection
EndGlobal
