
Microsoft Visual Studio Solution File, Format Version 12.00
# Visual Studio Version 16
VisualStudioVersion = 16.0.31205.134
MinimumVisualStudioVersion = 10.0.40219.1
Project("{FAE04EC0-301F-11D3-BF4B-00C04F79EFBC}") = "AllTheMaths", "AllTheMaths\AllTheMaths.csproj", "{6CF8E240-80ED-4DE0-A451-F3876C9CDABC}"
EndProject
Global
	GlobalSection(SolutionConfigurationPlatforms) = preSolution
		Debug|Any CPU = Debug|Any CPU
		Release|Any CPU = Release|Any CPU
	EndGlobalSection
	GlobalSection(ProjectConfigurationPlatforms) = postSolution
		{6CF8E240-80ED-4DE0-A451-F3876C9CDABC}.Debug|Any CPU.ActiveCfg = Debug|Any CPU
		{6CF8E240-80ED-4DE0-A451-F3876C9CDABC}.Debug|Any CPU.Build.0 = Debug|Any CPU
		{6CF8E240-80ED-4DE0-A451-F3876C9CDABC}.Release|Any CPU.ActiveCfg = Release|Any CPU
		{6CF8E240-80ED-4DE0-A451-F3876C9CDABC}.Release|Any CPU.Build.0 = Release|Any CPU
	EndGlobalSection
	GlobalSection(SolutionProperties) = preSolution
		HideSolutionNode = FALSE
	EndGlobalSection
	GlobalSection(ExtensibilityGlobals) = postSolution
		SolutionGuid = {43CA1EA8-993A-4CF0-84AC-B89A963D843D}
	EndGlobalSection
EndGlobal
