
Microsoft Visual Studio Solution File, Format Version 12.00
# Visual Studio Version 16
VisualStudioVersion = 16.0.31205.134
MinimumVisualStudioVersion = 10.0.40219.1
Project("{FAE04EC0-301F-11D3-BF4B-00C04F79EFBC}") = "StillPositive", "StillPositive\StillPositive.csproj", "{BBA35A5A-914E-484E-BFBC-A14591BDE342}"
EndProject
Global
	GlobalSection(SolutionConfigurationPlatforms) = preSolution
		Debug|Any CPU = Debug|Any CPU
		Release|Any CPU = Release|Any CPU
	EndGlobalSection
	GlobalSection(ProjectConfigurationPlatforms) = postSolution
		{BBA35A5A-914E-484E-BFBC-A14591BDE342}.Debug|Any CPU.ActiveCfg = Debug|Any CPU
		{BBA35A5A-914E-484E-BFBC-A14591BDE342}.Debug|Any CPU.Build.0 = Debug|Any CPU
		{BBA35A5A-914E-484E-BFBC-A14591BDE342}.Release|Any CPU.ActiveCfg = Release|Any CPU
		{BBA35A5A-914E-484E-BFBC-A14591BDE342}.Release|Any CPU.Build.0 = Release|Any CPU
	EndGlobalSection
	GlobalSection(SolutionProperties) = preSolution
		HideSolutionNode = FALSE
	EndGlobalSection
	GlobalSection(ExtensibilityGlobals) = postSolution
		SolutionGuid = {9EED5F5E-A0E7-4837-8435-5685BB6EBFC6}
	EndGlobalSection
EndGlobal
