
Microsoft Visual Studio Solution File, Format Version 12.00
# Visual Studio Version 16
VisualStudioVersion = 16.0.31205.134
MinimumVisualStudioVersion = 10.0.40219.1
Project("{F184B08F-C81C-45F6-A57F-5ABD9991F28F}") = "MyFirstMVCApplication", "MyFirstMVCApplication\MyFirstMVCApplication.vbproj", "{B813D4F9-F5A8-420F-AD2C-08A724A828A1}"
EndProject
Global
	GlobalSection(SolutionConfigurationPlatforms) = preSolution
		Debug|Any CPU = Debug|Any CPU
		Release|Any CPU = Release|Any CPU
	EndGlobalSection
	GlobalSection(ProjectConfigurationPlatforms) = postSolution
		{B813D4F9-F5A8-420F-AD2C-08A724A828A1}.Debug|Any CPU.ActiveCfg = Debug|Any CPU
		{B813D4F9-F5A8-420F-AD2C-08A724A828A1}.Debug|Any CPU.Build.0 = Debug|Any CPU
		{B813D4F9-F5A8-420F-AD2C-08A724A828A1}.Release|Any CPU.ActiveCfg = Release|Any CPU
		{B813D4F9-F5A8-420F-AD2C-08A724A828A1}.Release|Any CPU.Build.0 = Release|Any CPU
	EndGlobalSection
	GlobalSection(SolutionProperties) = preSolution
		HideSolutionNode = FALSE
	EndGlobalSection
	GlobalSection(ExtensibilityGlobals) = postSolution
		SolutionGuid = {5785A51B-36AD-453F-8E6D-CA4E676ED55F}
	EndGlobalSection
EndGlobal
